
Microsoft Visual Studio Solution File, Format Version 12.00
# Visual Studio Version 17
VisualStudioVersion = 17.7.34202.233
MinimumVisualStudioVersion = 10.0.40219.1
Project("{FAE04EC0-301F-11D3-BF4B-00C04F79EFBC}") = "Web_Store", "Web_Store\Web_Store.csproj", "{4A9CC723-9954-4169-8992-976885759934}"
EndProject
Global
	GlobalSection(SolutionConfigurationPlatforms) = preSolution
		Debug|Any CPU = Debug|Any CPU
		Release|Any CPU = Release|Any CPU
	EndGlobalSection
	GlobalSection(ProjectConfigurationPlatforms) = postSolution
		{4A9CC723-9954-4169-8992-976885759934}.Debug|Any CPU.ActiveCfg = Debug|Any CPU
		{4A9CC723-9954-4169-8992-976885759934}.Debug|Any CPU.Build.0 = Debug|Any CPU
		{4A9CC723-9954-4169-8992-976885759934}.Release|Any CPU.ActiveCfg = Release|Any CPU
		{4A9CC723-9954-4169-8992-976885759934}.Release|Any CPU.Build.0 = Release|Any CPU
	EndGlobalSection
	GlobalSection(SolutionProperties) = preSolution
		HideSolutionNode = FALSE
	EndGlobalSection
	GlobalSection(ExtensibilityGlobals) = postSolution
		SolutionGuid = {BAC39AF8-9BC7-46DF-B891-7657AEF0DC73}
	EndGlobalSection
EndGlobal
